
Microsoft Visual Studio Solution File, Format Version 12.00
# Visual Studio Version 17
VisualStudioVersion = 17.7.34031.279
MinimumVisualStudioVersion = 10.0.40219.1
Project("{9A19103F-16F7-4668-BE54-9A1E7A4F7556}") = "Pong.Desktop", "Pong.Desktop\Pong.Desktop.csproj", "{B1F840B1-E539-461D-8B2B-2555BCFE4BA9}"
EndProject
Project("{FAE04EC0-301F-11D3-BF4B-00C04F79EFBC}") = "Pong.UWP", "Pong.UWP\Pong.UWP.csproj", "{45A0694F-73DE-4E25-86E2-3070B6AAAFDB}"
EndProject
Project("{D954291E-2A0B-460D-934E-DC6B0785DB48}") = "Pong.Game.Shared", "Pong.Game.Shared\Pong.Game.Shared.shproj", "{A0CDBD0E-3A41-42B7-9425-A838BC2C7383}"
EndProject
Project("{9A19103F-16F7-4668-BE54-9A1E7A4F7556}") = "DiscordRichPresence", "DiscordRichPresence\DiscordRichPresence.csproj", "{0E953097-31AB-4BFE-9F21-FF7326AB4FB7}"
EndProject
Project("{C7167F0D-BC9F-4E6E-AFE1-012C56B48DB5}") = "Pong.Desktop.StorePackage", "Pong.Desktop.StorePackage\Pong.Desktop.StorePackage.wapproj", "{D8D6FA82-F9AE-460B-A5FB-EF8934A5F887}"
EndProject
Global
	GlobalSection(SolutionConfigurationPlatforms) = preSolution
		Debug|Any CPU = Debug|Any CPU
		Debug|ARM = Debug|ARM
		Debug|ARM64 = Debug|ARM64
		Debug|x64 = Debug|x64
		Debug|x86 = Debug|x86
		Release|Any CPU = Release|Any CPU
		Release|ARM = Release|ARM
		Release|ARM64 = Release|ARM64
		Release|x64 = Release|x64
		Release|x86 = Release|x86
	EndGlobalSection
	GlobalSection(ProjectConfigurationPlatforms) = postSolution
		{B1F840B1-E539-461D-8B2B-2555BCFE4BA9}.Debug|Any CPU.ActiveCfg = Debug|Any CPU
		{B1F840B1-E539-461D-8B2B-2555BCFE4BA9}.Debug|Any CPU.Build.0 = Debug|Any CPU
		{B1F840B1-E539-461D-8B2B-2555BCFE4BA9}.Debug|ARM.ActiveCfg = Debug|Any CPU
		{B1F840B1-E539-461D-8B2B-2555BCFE4BA9}.Debug|ARM.Build.0 = Debug|Any CPU
		{B1F840B1-E539-461D-8B2B-2555BCFE4BA9}.Debug|ARM64.ActiveCfg = Debug|Any CPU
		{B1F840B1-E539-461D-8B2B-2555BCFE4BA9}.Debug|ARM64.Build.0 = Debug|Any CPU
		{B1F840B1-E539-461D-8B2B-2555BCFE4BA9}.Debug|x64.ActiveCfg = Debug|Any CPU
		{B1F840B1-E539-461D-8B2B-2555BCFE4BA9}.Debug|x64.Build.0 = Debug|Any CPU
		{B1F840B1-E539-461D-8B2B-2555BCFE4BA9}.Debug|x86.ActiveCfg = Debug|Any CPU
		{B1F840B1-E539-461D-8B2B-2555BCFE4BA9}.Debug|x86.Build.0 = Debug|Any CPU
		{B1F840B1-E539-461D-8B2B-2555BCFE4BA9}.Release|Any CPU.ActiveCfg = Release|Any CPU
		{B1F840B1-E539-461D-8B2B-2555BCFE4BA9}.Release|Any CPU.Build.0 = Release|Any CPU
		{B1F840B1-E539-461D-8B2B-2555BCFE4BA9}.Release|ARM.ActiveCfg = Release|Any CPU
		{B1F840B1-E539-461D-8B2B-2555BCFE4BA9}.Release|ARM.Build.0 = Release|Any CPU
		{B1F840B1-E539-461D-8B2B-2555BCFE4BA9}.Release|ARM64.ActiveCfg = Release|Any CPU
		{B1F840B1-E539-461D-8B2B-2555BCFE4BA9}.Release|ARM64.Build.0 = Release|Any CPU
		{B1F840B1-E539-461D-8B2B-2555BCFE4BA9}.Release|x64.ActiveCfg = Release|Any CPU
		{B1F840B1-E539-461D-8B2B-2555BCFE4BA9}.Release|x64.Build.0 = Release|Any CPU
		{B1F840B1-E539-461D-8B2B-2555BCFE4BA9}.Release|x86.ActiveCfg = Release|Any CPU
		{B1F840B1-E539-461D-8B2B-2555BCFE4BA9}.Release|x86.Build.0 = Release|Any CPU
		{45A0694F-73DE-4E25-86E2-3070B6AAAFDB}.Debug|Any CPU.ActiveCfg = Debug|x64
		{45A0694F-73DE-4E25-86E2-3070B6AAAFDB}.Debug|Any CPU.Build.0 = Debug|x64
		{45A0694F-73DE-4E25-86E2-3070B6AAAFDB}.Debug|Any CPU.Deploy.0 = Debug|x64
		{45A0694F-73DE-4E25-86E2-3070B6AAAFDB}.Debug|ARM.ActiveCfg = Debug|ARM
		{45A0694F-73DE-4E25-86E2-3070B6AAAFDB}.Debug|ARM.Build.0 = Debug|ARM
		{45A0694F-73DE-4E25-86E2-3070B6AAAFDB}.Debug|ARM.Deploy.0 = Debug|ARM
		{45A0694F-73DE-4E25-86E2-3070B6AAAFDB}.Debug|ARM64.ActiveCfg = Debug|x64
		{45A0694F-73DE-4E25-86E2-3070B6AAAFDB}.Debug|ARM64.Build.0 = Debug|x64
		{45A0694F-73DE-4E25-86E2-3070B6AAAFDB}.Debug|ARM64.Deploy.0 = Debug|x64
		{45A0694F-73DE-4E25-86E2-3070B6AAAFDB}.Debug|x64.ActiveCfg = Debug|x64
		{45A0694F-73DE-4E25-86E2-3070B6AAAFDB}.Debug|x64.Build.0 = Debug|x64
		{45A0694F-73DE-4E25-86E2-3070B6AAAFDB}.Debug|x64.Deploy.0 = Debug|x64
		{45A0694F-73DE-4E25-86E2-3070B6AAAFDB}.Debug|x86.ActiveCfg = Debug|x86
		{45A0694F-73DE-4E25-86E2-3070B6AAAFDB}.Debug|x86.Build.0 = Debug|x86
		{45A0694F-73DE-4E25-86E2-3070B6AAAFDB}.Debug|x86.Deploy.0 = Debug|x86
		{45A0694F-73DE-4E25-86E2-3070B6AAAFDB}.Release|Any CPU.ActiveCfg = Release|x64
		{45A0694F-73DE-4E25-86E2-3070B6AAAFDB}.Release|Any CPU.Build.0 = Release|x64
		{45A0694F-73DE-4E25-86E2-3070B6AAAFDB}.Release|Any CPU.Deploy.0 = Release|x64
		{45A0694F-73DE-4E25-86E2-3070B6AAAFDB}.Release|ARM.ActiveCfg = Release|ARM
		{45A0694F-73DE-4E25-86E2-3070B6AAAFDB}.Release|ARM.Build.0 = Release|ARM
		{45A0694F-73DE-4E25-86E2-3070B6AAAFDB}.Release|ARM.Deploy.0 = Release|ARM
		{45A0694F-73DE-4E25-86E2-3070B6AAAFDB}.Release|ARM64.ActiveCfg = Release|x64
		{45A0694F-73DE-4E25-86E2-3070B6AAAFDB}.Release|ARM64.Build.0 = Release|x64
		{45A0694F-73DE-4E25-86E2-3070B6AAAFDB}.Release|ARM64.Deploy.0 = Release|x64
		{45A0694F-73DE-4E25-86E2-3070B6AAAFDB}.Release|x64.ActiveCfg = Release|x64
		{45A0694F-73DE-4E25-86E2-3070B6AAAFDB}.Release|x64.Build.0 = Release|x64
		{45A0694F-73DE-4E25-86E2-3070B6AAAFDB}.Release|x64.Deploy.0 = Release|x64
		{45A0694F-73DE-4E25-86E2-3070B6AAAFDB}.Release|x86.ActiveCfg = Release|x86
		{45A0694F-73DE-4E25-86E2-3070B6AAAFDB}.Release|x86.Build.0 = Release|x86
		{45A0694F-73DE-4E25-86E2-3070B6AAAFDB}.Release|x86.Deploy.0 = Release|x86
		{0E953097-31AB-4BFE-9F21-FF7326AB4FB7}.Debug|Any CPU.ActiveCfg = Debug|Any CPU
		{0E953097-31AB-4BFE-9F21-FF7326AB4FB7}.Debug|Any CPU.Build.0 = Debug|Any CPU
		{0E953097-31AB-4BFE-9F21-FF7326AB4FB7}.Debug|ARM.ActiveCfg = Debug|Any CPU
		{0E953097-31AB-4BFE-9F21-FF7326AB4FB7}.Debug|ARM.Build.0 = Debug|Any CPU
		{0E953097-31AB-4BFE-9F21-FF7326AB4FB7}.Debug|ARM64.ActiveCfg = Debug|Any CPU
		{0E953097-31AB-4BFE-9F21-FF7326AB4FB7}.Debug|ARM64.Build.0 = Debug|Any CPU
		{0E953097-31AB-4BFE-9F21-FF7326AB4FB7}.Debug|x64.ActiveCfg = Debug|Any CPU
		{0E953097-31AB-4BFE-9F21-FF7326AB4FB7}.Debug|x64.Build.0 = Debug|Any CPU
		{0E953097-31AB-4BFE-9F21-FF7326AB4FB7}.Debug|x86.ActiveCfg = Debug|Any CPU
		{0E953097-31AB-4BFE-9F21-FF7326AB4FB7}.Debug|x86.Build.0 = Debug|Any CPU
		{0E953097-31AB-4BFE-9F21-FF7326AB4FB7}.Release|Any CPU.ActiveCfg = Release|Any CPU
		{0E953097-31AB-4BFE-9F21-FF7326AB4FB7}.Release|Any CPU.Build.0 = Release|Any CPU
		{0E953097-31AB-4BFE-9F21-FF7326AB4FB7}.Release|ARM.ActiveCfg = Release|Any CPU
		{0E953097-31AB-4BFE-9F21-FF7326AB4FB7}.Release|ARM.Build.0 = Release|Any CPU
		{0E953097-31AB-4BFE-9F21-FF7326AB4FB7}.Release|ARM64.ActiveCfg = Release|Any CPU
		{0E953097-31AB-4BFE-9F21-FF7326AB4FB7}.Release|ARM64.Build.0 = Release|Any CPU
		{0E953097-31AB-4BFE-9F21-FF7326AB4FB7}.Release|x64.ActiveCfg = Release|Any CPU
		{0E953097-31AB-4BFE-9F21-FF7326AB4FB7}.Release|x64.Build.0 = Release|Any CPU
		{0E953097-31AB-4BFE-9F21-FF7326AB4FB7}.Release|x86.ActiveCfg = Release|Any CPU
		{0E953097-31AB-4BFE-9F21-FF7326AB4FB7}.Release|x86.Build.0 = Release|Any CPU
		{D8D6FA82-F9AE-460B-A5FB-EF8934A5F887}.Debug|Any CPU.ActiveCfg = Debug|Any CPU
		{D8D6FA82-F9AE-460B-A5FB-EF8934A5F887}.Debug|Any CPU.Build.0 = Debug|Any CPU
		{D8D6FA82-F9AE-460B-A5FB-EF8934A5F887}.Debug|Any CPU.Deploy.0 = Debug|Any CPU
		{D8D6FA82-F9AE-460B-A5FB-EF8934A5F887}.Debug|ARM.ActiveCfg = Debug|ARM
		{D8D6FA82-F9AE-460B-A5FB-EF8934A5F887}.Debug|ARM.Build.0 = Debug|ARM
		{D8D6FA82-F9AE-460B-A5FB-EF8934A5F887}.Debug|ARM.Deploy.0 = Debug|ARM
		{D8D6FA82-F9AE-460B-A5FB-EF8934A5F887}.Debug|ARM64.ActiveCfg = Debug|ARM64
		{D8D6FA82-F9AE-460B-A5FB-EF8934A5F887}.Debug|ARM64.Build.0 = Debug|ARM64
		{D8D6FA82-F9AE-460B-A5FB-EF8934A5F887}.Debug|ARM64.Deploy.0 = Debug|ARM64
		{D8D6FA82-F9AE-460B-A5FB-EF8934A5F887}.Debug|x64.ActiveCfg = Debug|x64
		{D8D6FA82-F9AE-460B-A5FB-EF8934A5F887}.Debug|x64.Build.0 = Debug|x64
		{D8D6FA82-F9AE-460B-A5FB-EF8934A5F887}.Debug|x64.Deploy.0 = Debug|x64
		{D8D6FA82-F9AE-460B-A5FB-EF8934A5F887}.Debug|x86.ActiveCfg = Debug|x86
		{D8D6FA82-F9AE-460B-A5FB-EF8934A5F887}.Debug|x86.Build.0 = Debug|x86
		{D8D6FA82-F9AE-460B-A5FB-EF8934A5F887}.Debug|x86.Deploy.0 = Debug|x86
		{D8D6FA82-F9AE-460B-A5FB-EF8934A5F887}.Release|Any CPU.ActiveCfg = Release|Any CPU
		{D8D6FA82-F9AE-460B-A5FB-EF8934A5F887}.Release|Any CPU.Build.0 = Release|Any CPU
		{D8D6FA82-F9AE-460B-A5FB-EF8934A5F887}.Release|Any CPU.Deploy.0 = Release|Any CPU
		{D8D6FA82-F9AE-460B-A5FB-EF8934A5F887}.Release|ARM.ActiveCfg = Release|ARM
		{D8D6FA82-F9AE-460B-A5FB-EF8934A5F887}.Release|ARM.Build.0 = Release|ARM
		{D8D6FA82-F9AE-460B-A5FB-EF8934A5F887}.Release|ARM.Deploy.0 = Release|ARM
		{D8D6FA82-F9AE-460B-A5FB-EF8934A5F887}.Release|ARM64.ActiveCfg = Release|ARM64
		{D8D6FA82-F9AE-460B-A5FB-EF8934A5F887}.Release|ARM64.Build.0 = Release|ARM64
		{D8D6FA82-F9AE-460B-A5FB-EF8934A5F887}.Release|ARM64.Deploy.0 = Release|ARM64
		{D8D6FA82-F9AE-460B-A5FB-EF8934A5F887}.Release|x64.ActiveCfg = Release|x64
		{D8D6FA82-F9AE-460B-A5FB-EF8934A5F887}.Release|x64.Build.0 = Release|x64
		{D8D6FA82-F9AE-460B-A5FB-EF8934A5F887}.Release|x64.Deploy.0 = Release|x64
		{D8D6FA82-F9AE-460B-A5FB-EF8934A5F887}.Release|x86.ActiveCfg = Release|x86
		{D8D6FA82-F9AE-460B-A5FB-EF8934A5F887}.Release|x86.Build.0 = Release|x86
		{D8D6FA82-F9AE-460B-A5FB-EF8934A5F887}.Release|x86.Deploy.0 = Release|x86
	EndGlobalSection
	GlobalSection(SolutionProperties) = preSolution
		HideSolutionNode = FALSE
	EndGlobalSection
	GlobalSection(ExtensibilityGlobals) = postSolution
		SolutionGuid = {BB974AEB-89FE-4937-B042-303CE2889259}
	EndGlobalSection
	GlobalSection(SharedMSBuildProjectFiles) = preSolution
		Pong.Game.Shared\Pong.Game.Shared.projitems*{45a0694f-73de-4e25-86e2-3070b6aaafdb}*SharedItemsImports = 4
		Pong.Game.Shared\Pong.Game.Shared.projitems*{a0cdbd0e-3a41-42b7-9425-a838bc2c7383}*SharedItemsImports = 13
		Pong.Game.Shared\Pong.Game.Shared.projitems*{b1f840b1-e539-461d-8b2b-2555bcfe4ba9}*SharedItemsImports = 5
	EndGlobalSection
EndGlobal
